// !$*UTF8*$!
{
	archiveVersion = 1;
	classes = {
	};
	objectVersion = 46;
	objects = {

/* Begin PBXBuildFile section */
		1843C3321BD4F95F005F017A /* WikitudeManager.m in Sources */ = {isa = PBXBuildFile; fileRef = 1843C3311BD4F95F005F017A /* WikitudeManager.m */; settings = {ASSET_TAGS = (); }; };
		3E481AC7B3BBCD0E0B813134 /* Pods_TARTT_Tests.framework in Frameworks */ = {isa = PBXBuildFile; fileRef = D187124B061F98F0D837AA53 /* Pods_TARTT_Tests.framework */; };
		6003F58E195388D20070C39A /* Foundation.framework in Frameworks */ = {isa = PBXBuildFile; fileRef = 6003F58D195388D20070C39A /* Foundation.framework */; };
		6003F590195388D20070C39A /* CoreGraphics.framework in Frameworks */ = {isa = PBXBuildFile; fileRef = 6003F58F195388D20070C39A /* CoreGraphics.framework */; };
		6003F592195388D20070C39A /* UIKit.framework in Frameworks */ = {isa = PBXBuildFile; fileRef = 6003F591195388D20070C39A /* UIKit.framework */; };
		6003F598195388D20070C39A /* InfoPlist.strings in Resources */ = {isa = PBXBuildFile; fileRef = 6003F596195388D20070C39A /* InfoPlist.strings */; };
		6003F59A195388D20070C39A /* main.m in Sources */ = {isa = PBXBuildFile; fileRef = 6003F599195388D20070C39A /* main.m */; };
		6003F59E195388D20070C39A /* TarttAppDelegate.m in Sources */ = {isa = PBXBuildFile; fileRef = 6003F59D195388D20070C39A /* TarttAppDelegate.m */; };
		6003F5A7195388D20070C39A /* SimulatorViewController.m in Sources */ = {isa = PBXBuildFile; fileRef = 6003F5A6195388D20070C39A /* SimulatorViewController.m */; };
		6003F5A9195388D20070C39A /* Images.xcassets in Resources */ = {isa = PBXBuildFile; fileRef = 6003F5A8195388D20070C39A /* Images.xcassets */; };
		6003F5B0195388D20070C39A /* XCTest.framework in Frameworks */ = {isa = PBXBuildFile; fileRef = 6003F5AF195388D20070C39A /* XCTest.framework */; };
		6003F5B1195388D20070C39A /* Foundation.framework in Frameworks */ = {isa = PBXBuildFile; fileRef = 6003F58D195388D20070C39A /* Foundation.framework */; };
		6003F5B2195388D20070C39A /* UIKit.framework in Frameworks */ = {isa = PBXBuildFile; fileRef = 6003F591195388D20070C39A /* UIKit.framework */; };
		6003F5BA195388D20070C39A /* InfoPlist.strings in Resources */ = {isa = PBXBuildFile; fileRef = 6003F5B8195388D20070C39A /* InfoPlist.strings */; };
		873B8AEB1B1F5CCA007FD442 /* Main.storyboard in Resources */ = {isa = PBXBuildFile; fileRef = 873B8AEA1B1F5CCA007FD442 /* Main.storyboard */; };
		8F12F4A568AF54436D088F81 /* Pods_TARTT_Example.framework in Frameworks */ = {isa = PBXBuildFile; fileRef = 7D5644D12CB6F8C2A3ED2ABD /* Pods_TARTT_Example.framework */; };
		F20BF1DA1BD7858800E942BC /* Pods_TARTT_Example.framework in Frameworks */ = {isa = PBXBuildFile; fileRef = 7D5644D12CB6F8C2A3ED2ABD /* Pods_TARTT_Example.framework */; };
		F20BF1DB1BD7858800E942BC /* Pods_TARTT_Example.framework in Embed Frameworks */ = {isa = PBXBuildFile; fileRef = 7D5644D12CB6F8C2A3ED2ABD /* Pods_TARTT_Example.framework */; settings = {ATTRIBUTES = (CodeSignOnCopy, RemoveHeadersOnCopy, ); }; };
		F23CBB7A1BC2AB6E00BB8C0A /* Accelerate.framework in Frameworks */ = {isa = PBXBuildFile; fileRef = F23CBB6D1BC2AB6E00BB8C0A /* Accelerate.framework */; };
		F23CBB7B1BC2AB6E00BB8C0A /* AssetsLibrary.framework in Frameworks */ = {isa = PBXBuildFile; fileRef = F23CBB6E1BC2AB6E00BB8C0A /* AssetsLibrary.framework */; };
		F23CBB7C1BC2AB6E00BB8C0A /* AVFoundation.framework in Frameworks */ = {isa = PBXBuildFile; fileRef = F23CBB6F1BC2AB6E00BB8C0A /* AVFoundation.framework */; };
		F23CBB7D1BC2AB6E00BB8C0A /* CFNetwork.framework in Frameworks */ = {isa = PBXBuildFile; fileRef = F23CBB701BC2AB6E00BB8C0A /* CFNetwork.framework */; };
		F23CBB7E1BC2AB6E00BB8C0A /* CoreLocation.framework in Frameworks */ = {isa = PBXBuildFile; fileRef = F23CBB711BC2AB6E00BB8C0A /* CoreLocation.framework */; };
		F23CBB7F1BC2AB6E00BB8C0A /* CoreMotion.framework in Frameworks */ = {isa = PBXBuildFile; fileRef = F23CBB721BC2AB6E00BB8C0A /* CoreMotion.framework */; };
		F23CBB801BC2AB6E00BB8C0A /* CoreVideo.framework in Frameworks */ = {isa = PBXBuildFile; fileRef = F23CBB731BC2AB6E00BB8C0A /* CoreVideo.framework */; };
		F23CBB811BC2AB6E00BB8C0A /* JavaScriptCore.framework in Frameworks */ = {isa = PBXBuildFile; fileRef = F23CBB741BC2AB6E00BB8C0A /* JavaScriptCore.framework */; };
		F23CBB821BC2AB6E00BB8C0A /* MediaPlayer.framework in Frameworks */ = {isa = PBXBuildFile; fileRef = F23CBB751BC2AB6E00BB8C0A /* MediaPlayer.framework */; };
		F23CBB831BC2AB6E00BB8C0A /* OpenGLES.framework in Frameworks */ = {isa = PBXBuildFile; fileRef = F23CBB761BC2AB6E00BB8C0A /* OpenGLES.framework */; };
		F23CBB841BC2AB6E00BB8C0A /* QuartzCore.framework in Frameworks */ = {isa = PBXBuildFile; fileRef = F23CBB771BC2AB6E00BB8C0A /* QuartzCore.framework */; };
		F23CBB851BC2AB6E00BB8C0A /* Security.framework in Frameworks */ = {isa = PBXBuildFile; fileRef = F23CBB781BC2AB6E00BB8C0A /* Security.framework */; };
		F23CBB861BC2AB6E00BB8C0A /* SystemConfiguration.framework in Frameworks */ = {isa = PBXBuildFile; fileRef = F23CBB791BC2AB6E00BB8C0A /* SystemConfiguration.framework */; };
		F23CBB881BC2ABC600BB8C0A /* libz.tbd in Frameworks */ = {isa = PBXBuildFile; fileRef = F23CBB871BC2ABC600BB8C0A /* libz.tbd */; };
		F23CBB8A1BC2ABCE00BB8C0A /* libc++.tbd in Frameworks */ = {isa = PBXBuildFile; fileRef = F23CBB891BC2ABCE00BB8C0A /* libc++.tbd */; };
		F23CBBF61BC3B7F300BB8C0A /* WikitudeSDK.framework in Frameworks */ = {isa = PBXBuildFile; fileRef = F23CBBF51BC3B7F300BB8C0A /* WikitudeSDK.framework */; settings = {ASSET_TAGS = (); }; };
		F23CBC041BC5105C00BB8C0A /* LaunchScreen.storyboard in Resources */ = {isa = PBXBuildFile; fileRef = F23CBC031BC5105C00BB8C0A /* LaunchScreen.storyboard */; settings = {ASSET_TAGS = (); }; };
		F23CBC0A1BC51CBC00BB8C0A /* TarttChannelManagerTests.m in Sources */ = {isa = PBXBuildFile; fileRef = F23CBC091BC51CBC00BB8C0A /* TarttChannelManagerTests.m */; settings = {ASSET_TAGS = (); }; };
		F23CBC331BC677F300BB8C0A /* TarttChannelConfigRequestTests.m in Sources */ = {isa = PBXBuildFile; fileRef = F23CBC321BC677F300BB8C0A /* TarttChannelConfigRequestTests.m */; settings = {ASSET_TAGS = (); }; };
		F23CBC3F1BC697D300BB8C0A /* TarttChannelDownloaderTests.m in Sources */ = {isa = PBXBuildFile; fileRef = F23CBC3E1BC697D300BB8C0A /* TarttChannelDownloaderTests.m */; settings = {ASSET_TAGS = (); }; };
		F26F37F71BC7A5B2002E49FA /* MainTableViewController.m in Sources */ = {isa = PBXBuildFile; fileRef = F26F37F61BC7A5B2002E49FA /* MainTableViewController.m */; settings = {ASSET_TAGS = (); }; };
		F26F37FA1BC7B330002E49FA /* DefaultViewController.m in Sources */ = {isa = PBXBuildFile; fileRef = F26F37F91BC7B330002E49FA /* DefaultViewController.m */; settings = {ASSET_TAGS = (); }; };
		F26F37FD1BC8141D002E49FA /* BarcodePlugin.cpp in Sources */ = {isa = PBXBuildFile; fileRef = F26F37FB1BC8141D002E49FA /* BarcodePlugin.cpp */; settings = {ASSET_TAGS = (); }; };
		F26F38221BC815E4002E49FA /* libiconv.tbd in Frameworks */ = {isa = PBXBuildFile; fileRef = F26F38211BC815E4002E49FA /* libiconv.tbd */; };
		F26F38251BC81923002E49FA /* DefaultViewController+PluginLoading.mm in Sources */ = {isa = PBXBuildFile; fileRef = F26F38241BC81923002E49FA /* DefaultViewController+PluginLoading.mm */; settings = {ASSET_TAGS = (); }; };
		F26F38441BCBC7DA002E49FA /* libzbar.a in Frameworks */ = {isa = PBXBuildFile; fileRef = F26F383E1BCBC7DA002E49FA /* libzbar.a */; settings = {ASSET_TAGS = (); }; };
		F26F38451BCBC7DA002E49FA /* zbar-back.png in Resources */ = {isa = PBXBuildFile; fileRef = F26F38401BCBC7DA002E49FA /* zbar-back.png */; settings = {ASSET_TAGS = (); }; };
		F26F38461BCBC7DA002E49FA /* zbar-help.html in Resources */ = {isa = PBXBuildFile; fileRef = F26F38411BCBC7DA002E49FA /* zbar-help.html */; settings = {ASSET_TAGS = (); }; };
		F26F38471BCBC7DA002E49FA /* zbar-helpicons.png in Resources */ = {isa = PBXBuildFile; fileRef = F26F38421BCBC7DA002E49FA /* zbar-helpicons.png */; settings = {ASSET_TAGS = (); }; };
		F26F38481BCBC7DA002E49FA /* zbar-samples.png in Resources */ = {isa = PBXBuildFile; fileRef = F26F38431BCBC7DA002E49FA /* zbar-samples.png */; settings = {ASSET_TAGS = (); }; };
		F26F392B1BCF810C002E49FA /* ChannelManagerTests.m in Sources */ = {isa = PBXBuildFile; fileRef = F26F392A1BCF810C002E49FA /* ChannelManagerTests.m */; settings = {ASSET_TAGS = (); }; };
/* End PBXBuildFile section */

/* Begin PBXContainerItemProxy section */
		6003F5B3195388D20070C39A /* PBXContainerItemProxy */ = {
			isa = PBXContainerItemProxy;
			containerPortal = 6003F582195388D10070C39A /* Project object */;
			proxyType = 1;
			remoteGlobalIDString = 6003F589195388D20070C39A;
			remoteInfo = TARTT;
		};
/* End PBXContainerItemProxy section */

/* Begin PBXCopyFilesBuildPhase section */
		F20BF1DC1BD7858800E942BC /* Embed Frameworks */ = {
			isa = PBXCopyFilesBuildPhase;
			buildActionMask = 2147483647;
			dstPath = "";
			dstSubfolderSpec = 10;
			files = (
				F20BF1DB1BD7858800E942BC /* Pods_TARTT_Example.framework in Embed Frameworks */,
			);
			name = "Embed Frameworks";
			runOnlyForDeploymentPostprocessing = 0;
		};
/* End PBXCopyFilesBuildPhase section */

/* Begin PBXFileReference section */
		1843C3301BD4F95F005F017A /* WikitudeManager.h */ = {isa = PBXFileReference; fileEncoding = 4; lastKnownFileType = sourcecode.c.h; path = WikitudeManager.h; sourceTree = "<group>"; };
		1843C3311BD4F95F005F017A /* WikitudeManager.m */ = {isa = PBXFileReference; fileEncoding = 4; lastKnownFileType = sourcecode.c.objc; path = WikitudeManager.m; sourceTree = "<group>"; };
		3FADBB2C9FF8F6F6DFB09C7F /* LICENSE */ = {isa = PBXFileReference; includeInIndex = 1; lastKnownFileType = text; name = LICENSE; path = ../LICENSE; sourceTree = "<group>"; };
		55ED4CDBE15252A9655FA53D /* TARTT.podspec */ = {isa = PBXFileReference; includeInIndex = 1; lastKnownFileType = text; name = TARTT.podspec; path = ../TARTT.podspec; sourceTree = "<group>"; };
		6003F58A195388D20070C39A /* TARTT_Example.app */ = {isa = PBXFileReference; explicitFileType = wrapper.application; includeInIndex = 0; path = TARTT_Example.app; sourceTree = BUILT_PRODUCTS_DIR; };
		6003F58D195388D20070C39A /* Foundation.framework */ = {isa = PBXFileReference; lastKnownFileType = wrapper.framework; name = Foundation.framework; path = System/Library/Frameworks/Foundation.framework; sourceTree = SDKROOT; };
		6003F58F195388D20070C39A /* CoreGraphics.framework */ = {isa = PBXFileReference; lastKnownFileType = wrapper.framework; name = CoreGraphics.framework; path = System/Library/Frameworks/CoreGraphics.framework; sourceTree = SDKROOT; };
		6003F591195388D20070C39A /* UIKit.framework */ = {isa = PBXFileReference; lastKnownFileType = wrapper.framework; name = UIKit.framework; path = System/Library/Frameworks/UIKit.framework; sourceTree = SDKROOT; };
		6003F595195388D20070C39A /* TARTT-Info.plist */ = {isa = PBXFileReference; lastKnownFileType = text.plist.xml; path = "TARTT-Info.plist"; sourceTree = "<group>"; };
		6003F597195388D20070C39A /* en */ = {isa = PBXFileReference; lastKnownFileType = text.plist.strings; name = en; path = en.lproj/InfoPlist.strings; sourceTree = "<group>"; };
		6003F599195388D20070C39A /* main.m */ = {isa = PBXFileReference; lastKnownFileType = sourcecode.c.objc; path = main.m; sourceTree = "<group>"; };
		6003F59B195388D20070C39A /* TARTT-Prefix.pch */ = {isa = PBXFileReference; lastKnownFileType = sourcecode.c.h; path = "TARTT-Prefix.pch"; sourceTree = "<group>"; };
		6003F59C195388D20070C39A /* TarttAppDelegate.h */ = {isa = PBXFileReference; lastKnownFileType = sourcecode.c.h; path = TarttAppDelegate.h; sourceTree = "<group>"; };
		6003F59D195388D20070C39A /* TarttAppDelegate.m */ = {isa = PBXFileReference; lastKnownFileType = sourcecode.c.objc; path = TarttAppDelegate.m; sourceTree = "<group>"; };
		6003F5A5195388D20070C39A /* SimulatorViewController.h */ = {isa = PBXFileReference; lastKnownFileType = sourcecode.c.h; path = SimulatorViewController.h; sourceTree = "<group>"; };
		6003F5A6195388D20070C39A /* SimulatorViewController.m */ = {isa = PBXFileReference; lastKnownFileType = sourcecode.c.objc; path = SimulatorViewController.m; sourceTree = "<group>"; };
		6003F5A8195388D20070C39A /* Images.xcassets */ = {isa = PBXFileReference; lastKnownFileType = folder.assetcatalog; path = Images.xcassets; sourceTree = "<group>"; };
		6003F5AE195388D20070C39A /* TARTT_Tests.xctest */ = {isa = PBXFileReference; explicitFileType = wrapper.cfbundle; includeInIndex = 0; path = TARTT_Tests.xctest; sourceTree = BUILT_PRODUCTS_DIR; };
		6003F5AF195388D20070C39A /* XCTest.framework */ = {isa = PBXFileReference; lastKnownFileType = wrapper.framework; name = XCTest.framework; path = Library/Frameworks/XCTest.framework; sourceTree = DEVELOPER_DIR; };
		6003F5B7195388D20070C39A /* Tests-Info.plist */ = {isa = PBXFileReference; lastKnownFileType = text.plist.xml; path = "Tests-Info.plist"; sourceTree = "<group>"; };
		6003F5B9195388D20070C39A /* en */ = {isa = PBXFileReference; lastKnownFileType = text.plist.strings; name = en; path = en.lproj/InfoPlist.strings; sourceTree = "<group>"; };
		606FC2411953D9B200FFA9A0 /* Tests-Prefix.pch */ = {isa = PBXFileReference; lastKnownFileType = sourcecode.c.h; path = "Tests-Prefix.pch"; sourceTree = "<group>"; };
		7D5644D12CB6F8C2A3ED2ABD /* Pods_TARTT_Example.framework */ = {isa = PBXFileReference; explicitFileType = wrapper.framework; includeInIndex = 0; path = Pods_TARTT_Example.framework; sourceTree = BUILT_PRODUCTS_DIR; };
		7EC9B890EF5FDAE32C5A9179 /* README.md */ = {isa = PBXFileReference; includeInIndex = 1; lastKnownFileType = net.daringfireball.markdown; name = README.md; path = ../README.md; sourceTree = "<group>"; };
		873B8AEA1B1F5CCA007FD442 /* Main.storyboard */ = {isa = PBXFileReference; fileEncoding = 4; lastKnownFileType = file.storyboard; path = Main.storyboard; sourceTree = "<group>"; };
		8E8596E3269615FE78066D21 /* Pods-TARTT_Example.release.xcconfig */ = {isa = PBXFileReference; includeInIndex = 1; lastKnownFileType = text.xcconfig; name = "Pods-TARTT_Example.release.xcconfig"; path = "Pods/Target Support Files/Pods-TARTT_Example/Pods-TARTT_Example.release.xcconfig"; sourceTree = "<group>"; };
		ACD9F10DD93458F3932FE493 /* Pods-TARTT_Tests.release.xcconfig */ = {isa = PBXFileReference; includeInIndex = 1; lastKnownFileType = text.xcconfig; name = "Pods-TARTT_Tests.release.xcconfig"; path = "Pods/Target Support Files/Pods-TARTT_Tests/Pods-TARTT_Tests.release.xcconfig"; sourceTree = "<group>"; };
		D187124B061F98F0D837AA53 /* Pods_TARTT_Tests.framework */ = {isa = PBXFileReference; explicitFileType = wrapper.framework; includeInIndex = 0; path = Pods_TARTT_Tests.framework; sourceTree = BUILT_PRODUCTS_DIR; };
		E17BC8CDB52854848E515DCB /* Pods-TARTT_Tests.debug.xcconfig */ = {isa = PBXFileReference; includeInIndex = 1; lastKnownFileType = text.xcconfig; name = "Pods-TARTT_Tests.debug.xcconfig"; path = "Pods/Target Support Files/Pods-TARTT_Tests/Pods-TARTT_Tests.debug.xcconfig"; sourceTree = "<group>"; };
		F23CBB6D1BC2AB6E00BB8C0A /* Accelerate.framework */ = {isa = PBXFileReference; lastKnownFileType = wrapper.framework; name = Accelerate.framework; path = System/Library/Frameworks/Accelerate.framework; sourceTree = SDKROOT; };
		F23CBB6E1BC2AB6E00BB8C0A /* AssetsLibrary.framework */ = {isa = PBXFileReference; lastKnownFileType = wrapper.framework; name = AssetsLibrary.framework; path = System/Library/Frameworks/AssetsLibrary.framework; sourceTree = SDKROOT; };
		F23CBB6F1BC2AB6E00BB8C0A /* AVFoundation.framework */ = {isa = PBXFileReference; lastKnownFileType = wrapper.framework; name = AVFoundation.framework; path = System/Library/Frameworks/AVFoundation.framework; sourceTree = SDKROOT; };
		F23CBB701BC2AB6E00BB8C0A /* CFNetwork.framework */ = {isa = PBXFileReference; lastKnownFileType = wrapper.framework; name = CFNetwork.framework; path = System/Library/Frameworks/CFNetwork.framework; sourceTree = SDKROOT; };
		F23CBB711BC2AB6E00BB8C0A /* CoreLocation.framework */ = {isa = PBXFileReference; lastKnownFileType = wrapper.framework; name = CoreLocation.framework; path = System/Library/Frameworks/CoreLocation.framework; sourceTree = SDKROOT; };
		F23CBB721BC2AB6E00BB8C0A /* CoreMotion.framework */ = {isa = PBXFileReference; lastKnownFileType = wrapper.framework; name = CoreMotion.framework; path = System/Library/Frameworks/CoreMotion.framework; sourceTree = SDKROOT; };
		F23CBB731BC2AB6E00BB8C0A /* CoreVideo.framework */ = {isa = PBXFileReference; lastKnownFileType = wrapper.framework; name = CoreVideo.framework; path = System/Library/Frameworks/CoreVideo.framework; sourceTree = SDKROOT; };
		F23CBB741BC2AB6E00BB8C0A /* JavaScriptCore.framework */ = {isa = PBXFileReference; lastKnownFileType = wrapper.framework; name = JavaScriptCore.framework; path = System/Library/Frameworks/JavaScriptCore.framework; sourceTree = SDKROOT; };
		F23CBB751BC2AB6E00BB8C0A /* MediaPlayer.framework */ = {isa = PBXFileReference; lastKnownFileType = wrapper.framework; name = MediaPlayer.framework; path = System/Library/Frameworks/MediaPlayer.framework; sourceTree = SDKROOT; };
		F23CBB761BC2AB6E00BB8C0A /* OpenGLES.framework */ = {isa = PBXFileReference; lastKnownFileType = wrapper.framework; name = OpenGLES.framework; path = System/Library/Frameworks/OpenGLES.framework; sourceTree = SDKROOT; };
		F23CBB771BC2AB6E00BB8C0A /* QuartzCore.framework */ = {isa = PBXFileReference; lastKnownFileType = wrapper.framework; name = QuartzCore.framework; path = System/Library/Frameworks/QuartzCore.framework; sourceTree = SDKROOT; };
		F23CBB781BC2AB6E00BB8C0A /* Security.framework */ = {isa = PBXFileReference; lastKnownFileType = wrapper.framework; name = Security.framework; path = System/Library/Frameworks/Security.framework; sourceTree = SDKROOT; };
		F23CBB791BC2AB6E00BB8C0A /* SystemConfiguration.framework */ = {isa = PBXFileReference; lastKnownFileType = wrapper.framework; name = SystemConfiguration.framework; path = System/Library/Frameworks/SystemConfiguration.framework; sourceTree = SDKROOT; };
		F23CBB871BC2ABC600BB8C0A /* libz.tbd */ = {isa = PBXFileReference; lastKnownFileType = "sourcecode.text-based-dylib-definition"; name = libz.tbd; path = usr/lib/libz.tbd; sourceTree = SDKROOT; };
		F23CBB891BC2ABCE00BB8C0A /* libc++.tbd */ = {isa = PBXFileReference; lastKnownFileType = "sourcecode.text-based-dylib-definition"; name = "libc++.tbd"; path = "usr/lib/libc++.tbd"; sourceTree = SDKROOT; };
		F23CBBF51BC3B7F300BB8C0A /* WikitudeSDK.framework */ = {isa = PBXFileReference; lastKnownFileType = wrapper.framework; path = WikitudeSDK.framework; sourceTree = "<group>"; };
		F23CBC031BC5105C00BB8C0A /* LaunchScreen.storyboard */ = {isa = PBXFileReference; fileEncoding = 4; lastKnownFileType = file.storyboard; path = LaunchScreen.storyboard; sourceTree = "<group>"; };
		F23CBC091BC51CBC00BB8C0A /* TarttChannelManagerTests.m */ = {isa = PBXFileReference; fileEncoding = 4; lastKnownFileType = sourcecode.c.objc; path = TarttChannelManagerTests.m; sourceTree = "<group>"; };
		F23CBC321BC677F300BB8C0A /* TarttChannelConfigRequestTests.m */ = {isa = PBXFileReference; fileEncoding = 4; lastKnownFileType = sourcecode.c.objc; path = TarttChannelConfigRequestTests.m; sourceTree = "<group>"; };
		F23CBC3E1BC697D300BB8C0A /* TarttChannelDownloaderTests.m */ = {isa = PBXFileReference; fileEncoding = 4; lastKnownFileType = sourcecode.c.objc; path = TarttChannelDownloaderTests.m; sourceTree = "<group>"; };
		F26F37F51BC7A5B2002E49FA /* MainTableViewController.h */ = {isa = PBXFileReference; fileEncoding = 4; lastKnownFileType = sourcecode.c.h; path = MainTableViewController.h; sourceTree = "<group>"; };
		F26F37F61BC7A5B2002E49FA /* MainTableViewController.m */ = {isa = PBXFileReference; fileEncoding = 4; lastKnownFileType = sourcecode.c.objc; path = MainTableViewController.m; sourceTree = "<group>"; };
		F26F37F81BC7B330002E49FA /* DefaultViewController.h */ = {isa = PBXFileReference; fileEncoding = 4; lastKnownFileType = sourcecode.c.h; path = DefaultViewController.h; sourceTree = "<group>"; };
		F26F37F91BC7B330002E49FA /* DefaultViewController.m */ = {isa = PBXFileReference; fileEncoding = 4; lastKnownFileType = sourcecode.c.objc; path = DefaultViewController.m; sourceTree = "<group>"; };
		F26F37FB1BC8141D002E49FA /* BarcodePlugin.cpp */ = {isa = PBXFileReference; fileEncoding = 4; lastKnownFileType = sourcecode.cpp.cpp; path = BarcodePlugin.cpp; sourceTree = "<group>"; };
		F26F37FC1BC8141D002E49FA /* BarcodePlugin.h */ = {isa = PBXFileReference; fileEncoding = 4; lastKnownFileType = sourcecode.c.h; path = BarcodePlugin.h; sourceTree = "<group>"; };
		F26F38211BC815E4002E49FA /* libiconv.tbd */ = {isa = PBXFileReference; lastKnownFileType = "sourcecode.text-based-dylib-definition"; name = libiconv.tbd; path = usr/lib/libiconv.tbd; sourceTree = SDKROOT; };
		F26F38231BC81923002E49FA /* DefaultViewController+PluginLoading.h */ = {isa = PBXFileReference; fileEncoding = 4; lastKnownFileType = sourcecode.c.h; path = "DefaultViewController+PluginLoading.h"; sourceTree = "<group>"; };
		F26F38241BC81923002E49FA /* DefaultViewController+PluginLoading.mm */ = {isa = PBXFileReference; fileEncoding = 4; lastKnownFileType = sourcecode.cpp.objcpp; path = "DefaultViewController+PluginLoading.mm"; sourceTree = "<group>"; };
		F26F382A1BCBC7DA002E49FA /* Decoder.h */ = {isa = PBXFileReference; fileEncoding = 4; lastKnownFileType = sourcecode.c.h; path = Decoder.h; sourceTree = "<group>"; };
		F26F382B1BCBC7DA002E49FA /* Exception.h */ = {isa = PBXFileReference; fileEncoding = 4; lastKnownFileType = sourcecode.c.h; path = Exception.h; sourceTree = "<group>"; };
		F26F382C1BCBC7DA002E49FA /* Image.h */ = {isa = PBXFileReference; fileEncoding = 4; lastKnownFileType = sourcecode.c.h; path = Image.h; sourceTree = "<group>"; };
		F26F382D1BCBC7DA002E49FA /* ImageScanner.h */ = {isa = PBXFileReference; fileEncoding = 4; lastKnownFileType = sourcecode.c.h; path = ImageScanner.h; sourceTree = "<group>"; };
		F26F382E1BCBC7DA002E49FA /* Processor.h */ = {isa = PBXFileReference; fileEncoding = 4; lastKnownFileType = sourcecode.c.h; path = Processor.h; sourceTree = "<group>"; };
		F26F382F1BCBC7DA002E49FA /* Scanner.h */ = {isa = PBXFileReference; fileEncoding = 4; lastKnownFileType = sourcecode.c.h; path = Scanner.h; sourceTree = "<group>"; };
		F26F38301BCBC7DA002E49FA /* Symbol.h */ = {isa = PBXFileReference; fileEncoding = 4; lastKnownFileType = sourcecode.c.h; path = Symbol.h; sourceTree = "<group>"; };
		F26F38311BCBC7DA002E49FA /* Video.h */ = {isa = PBXFileReference; fileEncoding = 4; lastKnownFileType = sourcecode.c.h; path = Video.h; sourceTree = "<group>"; };
		F26F38321BCBC7DA002E49FA /* Window.h */ = {isa = PBXFileReference; fileEncoding = 4; lastKnownFileType = sourcecode.c.h; path = Window.h; sourceTree = "<group>"; };
		F26F38331BCBC7DA002E49FA /* zbar.h */ = {isa = PBXFileReference; fileEncoding = 4; lastKnownFileType = sourcecode.c.h; path = zbar.h; sourceTree = "<group>"; };
		F26F38341BCBC7DA002E49FA /* ZBarCameraSimulator.h */ = {isa = PBXFileReference; fileEncoding = 4; lastKnownFileType = sourcecode.c.h; path = ZBarCameraSimulator.h; sourceTree = "<group>"; };
		F26F38351BCBC7DA002E49FA /* ZBarCaptureReader.h */ = {isa = PBXFileReference; fileEncoding = 4; lastKnownFileType = sourcecode.c.h; path = ZBarCaptureReader.h; sourceTree = "<group>"; };
		F26F38361BCBC7DA002E49FA /* ZBarHelpController.h */ = {isa = PBXFileReference; fileEncoding = 4; lastKnownFileType = sourcecode.c.h; path = ZBarHelpController.h; sourceTree = "<group>"; };
		F26F38371BCBC7DA002E49FA /* ZBarImage.h */ = {isa = PBXFileReference; fileEncoding = 4; lastKnownFileType = sourcecode.c.h; path = ZBarImage.h; sourceTree = "<group>"; };
		F26F38381BCBC7DA002E49FA /* ZBarImageScanner.h */ = {isa = PBXFileReference; fileEncoding = 4; lastKnownFileType = sourcecode.c.h; path = ZBarImageScanner.h; sourceTree = "<group>"; };
		F26F38391BCBC7DA002E49FA /* ZBarReaderController.h */ = {isa = PBXFileReference; fileEncoding = 4; lastKnownFileType = sourcecode.c.h; path = ZBarReaderController.h; sourceTree = "<group>"; };
		F26F383A1BCBC7DA002E49FA /* ZBarReaderView.h */ = {isa = PBXFileReference; fileEncoding = 4; lastKnownFileType = sourcecode.c.h; path = ZBarReaderView.h; sourceTree = "<group>"; };
		F26F383B1BCBC7DA002E49FA /* ZBarReaderViewController.h */ = {isa = PBXFileReference; fileEncoding = 4; lastKnownFileType = sourcecode.c.h; path = ZBarReaderViewController.h; sourceTree = "<group>"; };
		F26F383C1BCBC7DA002E49FA /* ZBarSDK.h */ = {isa = PBXFileReference; fileEncoding = 4; lastKnownFileType = sourcecode.c.h; path = ZBarSDK.h; sourceTree = "<group>"; };
		F26F383D1BCBC7DA002E49FA /* ZBarSymbol.h */ = {isa = PBXFileReference; fileEncoding = 4; lastKnownFileType = sourcecode.c.h; path = ZBarSymbol.h; sourceTree = "<group>"; };
		F26F383E1BCBC7DA002E49FA /* libzbar.a */ = {isa = PBXFileReference; lastKnownFileType = archive.ar; path = libzbar.a; sourceTree = "<group>"; };
		F26F38401BCBC7DA002E49FA /* zbar-back.png */ = {isa = PBXFileReference; lastKnownFileType = image.png; path = "zbar-back.png"; sourceTree = "<group>"; };
		F26F38411BCBC7DA002E49FA /* zbar-help.html */ = {isa = PBXFileReference; fileEncoding = 4; lastKnownFileType = text.html; path = "zbar-help.html"; sourceTree = "<group>"; };
		F26F38421BCBC7DA002E49FA /* zbar-helpicons.png */ = {isa = PBXFileReference; lastKnownFileType = image.png; path = "zbar-helpicons.png"; sourceTree = "<group>"; };
		F26F38431BCBC7DA002E49FA /* zbar-samples.png */ = {isa = PBXFileReference; lastKnownFileType = image.png; path = "zbar-samples.png"; sourceTree = "<group>"; };
		F26F38501BCCF9B7002E49FA /* Constants.h */ = {isa = PBXFileReference; fileEncoding = 4; lastKnownFileType = sourcecode.c.h; path = Constants.h; sourceTree = "<group>"; };
		F26F392A1BCF810C002E49FA /* ChannelManagerTests.m */ = {isa = PBXFileReference; fileEncoding = 4; lastKnownFileType = sourcecode.c.objc; path = ChannelManagerTests.m; sourceTree = "<group>"; };
		FA53FE949886E94A6EC3C58E /* Pods-TARTT_Example.debug.xcconfig */ = {isa = PBXFileReference; includeInIndex = 1; lastKnownFileType = text.xcconfig; name = "Pods-TARTT_Example.debug.xcconfig"; path = "Pods/Target Support Files/Pods-TARTT_Example/Pods-TARTT_Example.debug.xcconfig"; sourceTree = "<group>"; };
/* End PBXFileReference section */

/* Begin PBXFrameworksBuildPhase section */
		6003F587195388D20070C39A /* Frameworks */ = {
			isa = PBXFrameworksBuildPhase;
			buildActionMask = 2147483647;
			files = (
				F26F38221BC815E4002E49FA /* libiconv.tbd in Frameworks */,
				F23CBB8A1BC2ABCE00BB8C0A /* libc++.tbd in Frameworks */,
				F23CBB881BC2ABC600BB8C0A /* libz.tbd in Frameworks */,
				F23CBB7A1BC2AB6E00BB8C0A /* Accelerate.framework in Frameworks */,
				F23CBB7B1BC2AB6E00BB8C0A /* AssetsLibrary.framework in Frameworks */,
				F23CBB7C1BC2AB6E00BB8C0A /* AVFoundation.framework in Frameworks */,
				F23CBBF61BC3B7F300BB8C0A /* WikitudeSDK.framework in Frameworks */,
				F23CBB7D1BC2AB6E00BB8C0A /* CFNetwork.framework in Frameworks */,
				F23CBB7E1BC2AB6E00BB8C0A /* CoreLocation.framework in Frameworks */,
				F23CBB7F1BC2AB6E00BB8C0A /* CoreMotion.framework in Frameworks */,
				F23CBB801BC2AB6E00BB8C0A /* CoreVideo.framework in Frameworks */,
				F23CBB811BC2AB6E00BB8C0A /* JavaScriptCore.framework in Frameworks */,
				F23CBB821BC2AB6E00BB8C0A /* MediaPlayer.framework in Frameworks */,
				F23CBB831BC2AB6E00BB8C0A /* OpenGLES.framework in Frameworks */,
				F23CBB841BC2AB6E00BB8C0A /* QuartzCore.framework in Frameworks */,
				F23CBB851BC2AB6E00BB8C0A /* Security.framework in Frameworks */,
				F20BF1DA1BD7858800E942BC /* Pods_TARTT_Example.framework in Frameworks */,
				F23CBB861BC2AB6E00BB8C0A /* SystemConfiguration.framework in Frameworks */,
				6003F590195388D20070C39A /* CoreGraphics.framework in Frameworks */,
				6003F592195388D20070C39A /* UIKit.framework in Frameworks */,
				6003F58E195388D20070C39A /* Foundation.framework in Frameworks */,
				F26F38441BCBC7DA002E49FA /* libzbar.a in Frameworks */,
				8F12F4A568AF54436D088F81 /* Pods_TARTT_Example.framework in Frameworks */,
			);
			runOnlyForDeploymentPostprocessing = 0;
		};
		6003F5AB195388D20070C39A /* Frameworks */ = {
			isa = PBXFrameworksBuildPhase;
			buildActionMask = 2147483647;
			files = (
				6003F5B0195388D20070C39A /* XCTest.framework in Frameworks */,
				6003F5B2195388D20070C39A /* UIKit.framework in Frameworks */,
				6003F5B1195388D20070C39A /* Foundation.framework in Frameworks */,
				3E481AC7B3BBCD0E0B813134 /* Pods_TARTT_Tests.framework in Frameworks */,
			);
			runOnlyForDeploymentPostprocessing = 0;
		};
/* End PBXFrameworksBuildPhase section */

/* Begin PBXGroup section */
		6003F581195388D10070C39A = {
			isa = PBXGroup;
			children = (
				60FF7A9C1954A5C5007DD14C /* Podspec Metadata */,
				6003F593195388D20070C39A /* Example for TARTT */,
				6003F5B5195388D20070C39A /* Tests */,
				6003F58C195388D20070C39A /* Frameworks */,
				6003F58B195388D20070C39A /* Products */,
				DF326D0B0B58F0AEF22A747F /* Pods */,
			);
			sourceTree = "<group>";
		};
		6003F58B195388D20070C39A /* Products */ = {
			isa = PBXGroup;
			children = (
				6003F58A195388D20070C39A /* TARTT_Example.app */,
				6003F5AE195388D20070C39A /* TARTT_Tests.xctest */,
			);
			name = Products;
			sourceTree = "<group>";
		};
		6003F58C195388D20070C39A /* Frameworks */ = {
			isa = PBXGroup;
			children = (
				F26F38211BC815E4002E49FA /* libiconv.tbd */,
				F23CBBF51BC3B7F300BB8C0A /* WikitudeSDK.framework */,
				F23CBB891BC2ABCE00BB8C0A /* libc++.tbd */,
				F23CBB871BC2ABC600BB8C0A /* libz.tbd */,
				F23CBB6D1BC2AB6E00BB8C0A /* Accelerate.framework */,
				F23CBB6E1BC2AB6E00BB8C0A /* AssetsLibrary.framework */,
				F23CBB6F1BC2AB6E00BB8C0A /* AVFoundation.framework */,
				F23CBB701BC2AB6E00BB8C0A /* CFNetwork.framework */,
				F23CBB711BC2AB6E00BB8C0A /* CoreLocation.framework */,
				F23CBB721BC2AB6E00BB8C0A /* CoreMotion.framework */,
				F23CBB731BC2AB6E00BB8C0A /* CoreVideo.framework */,
				F23CBB741BC2AB6E00BB8C0A /* JavaScriptCore.framework */,
				F23CBB751BC2AB6E00BB8C0A /* MediaPlayer.framework */,
				F23CBB761BC2AB6E00BB8C0A /* OpenGLES.framework */,
				F23CBB771BC2AB6E00BB8C0A /* QuartzCore.framework */,
				F23CBB781BC2AB6E00BB8C0A /* Security.framework */,
				F23CBB791BC2AB6E00BB8C0A /* SystemConfiguration.framework */,
				6003F58D195388D20070C39A /* Foundation.framework */,
				6003F58F195388D20070C39A /* CoreGraphics.framework */,
				6003F591195388D20070C39A /* UIKit.framework */,
				6003F5AF195388D20070C39A /* XCTest.framework */,
				7D5644D12CB6F8C2A3ED2ABD /* Pods_TARTT_Example.framework */,
				D187124B061F98F0D837AA53 /* Pods_TARTT_Tests.framework */,
			);
			name = Frameworks;
			sourceTree = "<group>";
		};
		6003F593195388D20070C39A /* Example for TARTT */ = {
			isa = PBXGroup;
			children = (
				F26F38261BCBC7DA002E49FA /* ZBarSDK */,
				F26F38491BCBD37F002E49FA /* Controller */,
				F26F38501BCCF9B7002E49FA /* Constants.h */,
				F23CBC031BC5105C00BB8C0A /* LaunchScreen.storyboard */,
				6003F59C195388D20070C39A /* TarttAppDelegate.h */,
				6003F59D195388D20070C39A /* TarttAppDelegate.m */,
				873B8AEA1B1F5CCA007FD442 /* Main.storyboard */,
				F26F37F51BC7A5B2002E49FA /* MainTableViewController.h */,
				F26F37F61BC7A5B2002E49FA /* MainTableViewController.m */,
				6003F5A8195388D20070C39A /* Images.xcassets */,
				6003F594195388D20070C39A /* Supporting Files */,
			);
			name = "Example for TARTT";
			path = TARTT;
			sourceTree = "<group>";
		};
		6003F594195388D20070C39A /* Supporting Files */ = {
			isa = PBXGroup;
			children = (
				6003F595195388D20070C39A /* TARTT-Info.plist */,
				6003F596195388D20070C39A /* InfoPlist.strings */,
				6003F599195388D20070C39A /* main.m */,
				6003F59B195388D20070C39A /* TARTT-Prefix.pch */,
			);
			name = "Supporting Files";
			sourceTree = "<group>";
		};
		6003F5B5195388D20070C39A /* Tests */ = {
			isa = PBXGroup;
			children = (
				6003F5B6195388D20070C39A /* Supporting Files */,
				F23CBC091BC51CBC00BB8C0A /* TarttChannelManagerTests.m */,
				F23CBC321BC677F300BB8C0A /* TarttChannelConfigRequestTests.m */,
				F23CBC3E1BC697D300BB8C0A /* TarttChannelDownloaderTests.m */,
				F26F392A1BCF810C002E49FA /* ChannelManagerTests.m */,
			);
			path = Tests;
			sourceTree = "<group>";
		};
		6003F5B6195388D20070C39A /* Supporting Files */ = {
			isa = PBXGroup;
			children = (
				6003F5B7195388D20070C39A /* Tests-Info.plist */,
				6003F5B8195388D20070C39A /* InfoPlist.strings */,
				606FC2411953D9B200FFA9A0 /* Tests-Prefix.pch */,
			);
			name = "Supporting Files";
			sourceTree = "<group>";
		};
		60FF7A9C1954A5C5007DD14C /* Podspec Metadata */ = {
			isa = PBXGroup;
			children = (
				55ED4CDBE15252A9655FA53D /* TARTT.podspec */,
				7EC9B890EF5FDAE32C5A9179 /* README.md */,
				3FADBB2C9FF8F6F6DFB09C7F /* LICENSE */,
			);
			name = "Podspec Metadata";
			sourceTree = "<group>";
		};
		DF326D0B0B58F0AEF22A747F /* Pods */ = {
			isa = PBXGroup;
			children = (
				FA53FE949886E94A6EC3C58E /* Pods-TARTT_Example.debug.xcconfig */,
				8E8596E3269615FE78066D21 /* Pods-TARTT_Example.release.xcconfig */,
				E17BC8CDB52854848E515DCB /* Pods-TARTT_Tests.debug.xcconfig */,
				ACD9F10DD93458F3932FE493 /* Pods-TARTT_Tests.release.xcconfig */,
			);
			name = Pods;
			sourceTree = "<group>";
		};
		F26F38261BCBC7DA002E49FA /* ZBarSDK */ = {
			isa = PBXGroup;
			children = (
				F26F38271BCBC7DA002E49FA /* Headers */,
				F26F383E1BCBC7DA002E49FA /* libzbar.a */,
				F26F383F1BCBC7DA002E49FA /* Resources */,
			);
			path = ZBarSDK;
			sourceTree = "<group>";
		};
		F26F38271BCBC7DA002E49FA /* Headers */ = {
			isa = PBXGroup;
			children = (
				F26F38281BCBC7DA002E49FA /* ZBarSDK */,
			);
			path = Headers;
			sourceTree = "<group>";
		};
		F26F38281BCBC7DA002E49FA /* ZBarSDK */ = {
			isa = PBXGroup;
			children = (
				F26F38291BCBC7DA002E49FA /* zbar */,
				F26F38331BCBC7DA002E49FA /* zbar.h */,
				F26F38341BCBC7DA002E49FA /* ZBarCameraSimulator.h */,
				F26F38351BCBC7DA002E49FA /* ZBarCaptureReader.h */,
				F26F38361BCBC7DA002E49FA /* ZBarHelpController.h */,
				F26F38371BCBC7DA002E49FA /* ZBarImage.h */,
				F26F38381BCBC7DA002E49FA /* ZBarImageScanner.h */,
				F26F38391BCBC7DA002E49FA /* ZBarReaderController.h */,
				F26F383A1BCBC7DA002E49FA /* ZBarReaderView.h */,
				F26F383B1BCBC7DA002E49FA /* ZBarReaderViewController.h */,
				F26F383C1BCBC7DA002E49FA /* ZBarSDK.h */,
				F26F383D1BCBC7DA002E49FA /* ZBarSymbol.h */,
			);
			path = ZBarSDK;
			sourceTree = "<group>";
		};
		F26F38291BCBC7DA002E49FA /* zbar */ = {
			isa = PBXGroup;
			children = (
				F26F382A1BCBC7DA002E49FA /* Decoder.h */,
				F26F382B1BCBC7DA002E49FA /* Exception.h */,
				F26F382C1BCBC7DA002E49FA /* Image.h */,
				F26F382D1BCBC7DA002E49FA /* ImageScanner.h */,
				F26F382E1BCBC7DA002E49FA /* Processor.h */,
				F26F382F1BCBC7DA002E49FA /* Scanner.h */,
				F26F38301BCBC7DA002E49FA /* Symbol.h */,
				F26F38311BCBC7DA002E49FA /* Video.h */,
				F26F38321BCBC7DA002E49FA /* Window.h */,
			);
			path = zbar;
			sourceTree = "<group>";
		};
		F26F383F1BCBC7DA002E49FA /* Resources */ = {
			isa = PBXGroup;
			children = (
				F26F38401BCBC7DA002E49FA /* zbar-back.png */,
				F26F38411BCBC7DA002E49FA /* zbar-help.html */,
				F26F38421BCBC7DA002E49FA /* zbar-helpicons.png */,
				F26F38431BCBC7DA002E49FA /* zbar-samples.png */,
			);
			path = Resources;
			sourceTree = "<group>";
		};
		F26F38491BCBD37F002E49FA /* Controller */ = {
			isa = PBXGroup;
			children = (
				F26F384B1BCBD3A6002E49FA /* Default */,
				F26F384A1BCBD39D002E49FA /* Simulator */,
				1843C3301BD4F95F005F017A /* WikitudeManager.h */,
				1843C3311BD4F95F005F017A /* WikitudeManager.m */,
			);
			name = Controller;
			sourceTree = "<group>";
		};
		F26F384A1BCBD39D002E49FA /* Simulator */ = {
			isa = PBXGroup;
			children = (
				6003F5A5195388D20070C39A /* SimulatorViewController.h */,
				6003F5A6195388D20070C39A /* SimulatorViewController.m */,
			);
			name = Simulator;
			sourceTree = "<group>";
		};
		F26F384B1BCBD3A6002E49FA /* Default */ = {
			isa = PBXGroup;
			children = (
				F26F37F81BC7B330002E49FA /* DefaultViewController.h */,
				F26F37F91BC7B330002E49FA /* DefaultViewController.m */,
				F26F37FB1BC8141D002E49FA /* BarcodePlugin.cpp */,
				F26F37FC1BC8141D002E49FA /* BarcodePlugin.h */,
				F26F38231BC81923002E49FA /* DefaultViewController+PluginLoading.h */,
				F26F38241BC81923002E49FA /* DefaultViewController+PluginLoading.mm */,
			);
			name = Default;
			sourceTree = "<group>";
		};
/* End PBXGroup section */

/* Begin PBXNativeTarget section */
		6003F589195388D20070C39A /* TARTT_Example */ = {
			isa = PBXNativeTarget;
			buildConfigurationList = 6003F5BF195388D20070C39A /* Build configuration list for PBXNativeTarget "TARTT_Example" */;
			buildPhases = (
				8E9A8A3889EC50335DFE6FE8 /* Check Pods Manifest.lock */,
				6003F586195388D20070C39A /* Sources */,
				6003F587195388D20070C39A /* Frameworks */,
				6003F588195388D20070C39A /* Resources */,
				652F817DABE00EDC4B88E76E /* Embed Pods Frameworks */,
				C0CB97C76DAE6EEC0877F1C0 /* Copy Pods Resources */,
				F20BF1DC1BD7858800E942BC /* Embed Frameworks */,
			);
			buildRules = (
			);
			dependencies = (
			);
			name = TARTT_Example;
			productName = TARTT;
			productReference = 6003F58A195388D20070C39A /* TARTT_Example.app */;
			productType = "com.apple.product-type.application";
		};
		6003F5AD195388D20070C39A /* TARTT_Tests */ = {
			isa = PBXNativeTarget;
			buildConfigurationList = 6003F5C2195388D20070C39A /* Build configuration list for PBXNativeTarget "TARTT_Tests" */;
			buildPhases = (
				615391C7B8A5CE7FE274D963 /* Check Pods Manifest.lock */,
				6003F5AA195388D20070C39A /* Sources */,
				6003F5AB195388D20070C39A /* Frameworks */,
				6003F5AC195388D20070C39A /* Resources */,
				ED886909456DA0428894D8A4 /* Embed Pods Frameworks */,
				1FA6E4C7BE7EFA1F3CFEFDBA /* Copy Pods Resources */,
			);
			buildRules = (
			);
			dependencies = (
				6003F5B4195388D20070C39A /* PBXTargetDependency */,
			);
			name = TARTT_Tests;
			productName = TARTTTests;
			productReference = 6003F5AE195388D20070C39A /* TARTT_Tests.xctest */;
			productType = "com.apple.product-type.bundle.unit-test";
		};
/* End PBXNativeTarget section */

/* Begin PBXProject section */
		6003F582195388D10070C39A /* Project object */ = {
			isa = PBXProject;
			attributes = {
				CLASSPREFIX = Tartt;
				LastUpgradeCheck = 0510;
				ORGANIZATIONNAME = wh33ler;
				TargetAttributes = {
					6003F589195388D20070C39A = {
						DevelopmentTeam = KY7SYK96X8;
					};
					6003F5AD195388D20070C39A = {
						TestTargetID = 6003F589195388D20070C39A;
					};
				};
			};
			buildConfigurationList = 6003F585195388D10070C39A /* Build configuration list for PBXProject "TARTT" */;
			compatibilityVersion = "Xcode 3.2";
			developmentRegion = English;
			hasScannedForEncodings = 0;
			knownRegions = (
				en,
				Base,
			);
			mainGroup = 6003F581195388D10070C39A;
			productRefGroup = 6003F58B195388D20070C39A /* Products */;
			projectDirPath = "";
			projectRoot = "";
			targets = (
				6003F589195388D20070C39A /* TARTT_Example */,
				6003F5AD195388D20070C39A /* TARTT_Tests */,
			);
		};
/* End PBXProject section */

/* Begin PBXResourcesBuildPhase section */
		6003F588195388D20070C39A /* Resources */ = {
			isa = PBXResourcesBuildPhase;
			buildActionMask = 2147483647;
			files = (
				873B8AEB1B1F5CCA007FD442 /* Main.storyboard in Resources */,
				F23CBC041BC5105C00BB8C0A /* LaunchScreen.storyboard in Resources */,
				6003F5A9195388D20070C39A /* Images.xcassets in Resources */,
				6003F598195388D20070C39A /* InfoPlist.strings in Resources */,
				F26F38481BCBC7DA002E49FA /* zbar-samples.png in Resources */,
				F26F38461BCBC7DA002E49FA /* zbar-help.html in Resources */,
				F26F38451BCBC7DA002E49FA /* zbar-back.png in Resources */,
				F26F38471BCBC7DA002E49FA /* zbar-helpicons.png in Resources */,
			);
			runOnlyForDeploymentPostprocessing = 0;
		};
		6003F5AC195388D20070C39A /* Resources */ = {
			isa = PBXResourcesBuildPhase;
			buildActionMask = 2147483647;
			files = (
				6003F5BA195388D20070C39A /* InfoPlist.strings in Resources */,
			);
			runOnlyForDeploymentPostprocessing = 0;
		};
/* End PBXResourcesBuildPhase section */

/* Begin PBXShellScriptBuildPhase section */
		1FA6E4C7BE7EFA1F3CFEFDBA /* Copy Pods Resources */ = {
			isa = PBXShellScriptBuildPhase;
			buildActionMask = 2147483647;
			files = (
			);
			inputPaths = (
			);
			name = "Copy Pods Resources";
			outputPaths = (
			);
			runOnlyForDeploymentPostprocessing = 0;
			shellPath = /bin/sh;
			shellScript = "\"${SRCROOT}/Pods/Target Support Files/Pods-TARTT_Tests/Pods-TARTT_Tests-resources.sh\"\n";
			showEnvVarsInLog = 0;
		};
		615391C7B8A5CE7FE274D963 /* Check Pods Manifest.lock */ = {
			isa = PBXShellScriptBuildPhase;
			buildActionMask = 2147483647;
			files = (
			);
			inputPaths = (
			);
			name = "Check Pods Manifest.lock";
			outputPaths = (
			);
			runOnlyForDeploymentPostprocessing = 0;
			shellPath = /bin/sh;
			shellScript = "diff \"${PODS_ROOT}/../Podfile.lock\" \"${PODS_ROOT}/Manifest.lock\" > /dev/null\nif [[ $? != 0 ]] ; then\n    cat << EOM\nerror: The sandbox is not in sync with the Podfile.lock. Run 'pod install' or update your CocoaPods installation.\nEOM\n    exit 1\nfi\n";
			showEnvVarsInLog = 0;
		};
		652F817DABE00EDC4B88E76E /* Embed Pods Frameworks */ = {
			isa = PBXShellScriptBuildPhase;
			buildActionMask = 2147483647;
			files = (
			);
			inputPaths = (
			);
			name = "Embed Pods Frameworks";
			outputPaths = (
			);
			runOnlyForDeploymentPostprocessing = 0;
			shellPath = /bin/sh;
			shellScript = "\"${SRCROOT}/Pods/Target Support Files/Pods-TARTT_Example/Pods-TARTT_Example-frameworks.sh\"\n";
			showEnvVarsInLog = 0;
		};
		8E9A8A3889EC50335DFE6FE8 /* Check Pods Manifest.lock */ = {
			isa = PBXShellScriptBuildPhase;
			buildActionMask = 2147483647;
			files = (
			);
			inputPaths = (
			);
			name = "Check Pods Manifest.lock";
			outputPaths = (
			);
			runOnlyForDeploymentPostprocessing = 0;
			shellPath = /bin/sh;
			shellScript = "diff \"${PODS_ROOT}/../Podfile.lock\" \"${PODS_ROOT}/Manifest.lock\" > /dev/null\nif [[ $? != 0 ]] ; then\n    cat << EOM\nerror: The sandbox is not in sync with the Podfile.lock. Run 'pod install' or update your CocoaPods installation.\nEOM\n    exit 1\nfi\n";
			showEnvVarsInLog = 0;
		};
		C0CB97C76DAE6EEC0877F1C0 /* Copy Pods Resources */ = {
			isa = PBXShellScriptBuildPhase;
			buildActionMask = 2147483647;
			files = (
			);
			inputPaths = (
			);
			name = "Copy Pods Resources";
			outputPaths = (
			);
			runOnlyForDeploymentPostprocessing = 0;
			shellPath = /bin/sh;
			shellScript = "\"${SRCROOT}/Pods/Target Support Files/Pods-TARTT_Example/Pods-TARTT_Example-resources.sh\"\n";
			showEnvVarsInLog = 0;
		};
		ED886909456DA0428894D8A4 /* Embed Pods Frameworks */ = {
			isa = PBXShellScriptBuildPhase;
			buildActionMask = 2147483647;
			files = (
			);
			inputPaths = (
			);
			name = "Embed Pods Frameworks";
			outputPaths = (
			);
			runOnlyForDeploymentPostprocessing = 0;
			shellPath = /bin/sh;
			shellScript = "\"${SRCROOT}/Pods/Target Support Files/Pods-TARTT_Tests/Pods-TARTT_Tests-frameworks.sh\"\n";
			showEnvVarsInLog = 0;
		};
/* End PBXShellScriptBuildPhase section */

/* Begin PBXSourcesBuildPhase section */
		6003F586195388D20070C39A /* Sources */ = {
			isa = PBXSourcesBuildPhase;
			buildActionMask = 2147483647;
			files = (
				F26F38251BC81923002E49FA /* DefaultViewController+PluginLoading.mm in Sources */,
				F26F37F71BC7A5B2002E49FA /* MainTableViewController.m in Sources */,
				F26F37FA1BC7B330002E49FA /* DefaultViewController.m in Sources */,
				6003F59E195388D20070C39A /* TarttAppDelegate.m in Sources */,
				F26F37FD1BC8141D002E49FA /* BarcodePlugin.cpp in Sources */,
				1843C3321BD4F95F005F017A /* WikitudeManager.m in Sources */,
				6003F5A7195388D20070C39A /* SimulatorViewController.m in Sources */,
				6003F59A195388D20070C39A /* main.m in Sources */,
			);
			runOnlyForDeploymentPostprocessing = 0;
		};
		6003F5AA195388D20070C39A /* Sources */ = {
			isa = PBXSourcesBuildPhase;
			buildActionMask = 2147483647;
			files = (
				F26F392B1BCF810C002E49FA /* ChannelManagerTests.m in Sources */,
				F23CBC331BC677F300BB8C0A /* TarttChannelConfigRequestTests.m in Sources */,
				F23CBC3F1BC697D300BB8C0A /* TarttChannelDownloaderTests.m in Sources */,
				F23CBC0A1BC51CBC00BB8C0A /* TarttChannelManagerTests.m in Sources */,
			);
			runOnlyForDeploymentPostprocessing = 0;
		};
/* End PBXSourcesBuildPhase section */

/* Begin PBXTargetDependency section */
		6003F5B4195388D20070C39A /* PBXTargetDependency */ = {
			isa = PBXTargetDependency;
			target = 6003F589195388D20070C39A /* TARTT_Example */;
			targetProxy = 6003F5B3195388D20070C39A /* PBXContainerItemProxy */;
		};
/* End PBXTargetDependency section */

/* Begin PBXVariantGroup section */
		6003F596195388D20070C39A /* InfoPlist.strings */ = {
			isa = PBXVariantGroup;
			children = (
				6003F597195388D20070C39A /* en */,
			);
			name = InfoPlist.strings;
			sourceTree = "<group>";
		};
		6003F5B8195388D20070C39A /* InfoPlist.strings */ = {
			isa = PBXVariantGroup;
			children = (
				6003F5B9195388D20070C39A /* en */,
			);
			name = InfoPlist.strings;
			sourceTree = "<group>";
		};
/* End PBXVariantGroup section */

/* Begin XCBuildConfiguration section */
		6003F5BD195388D20070C39A /* Debug */ = {
			isa = XCBuildConfiguration;
			buildSettings = {
				ALWAYS_SEARCH_USER_PATHS = NO;
				CLANG_CXX_LANGUAGE_STANDARD = "gnu++0x";
				CLANG_CXX_LIBRARY = "libc++";
				CLANG_ENABLE_MODULES = YES;
				CLANG_ENABLE_OBJC_ARC = YES;
				CLANG_WARN_BOOL_CONVERSION = YES;
				CLANG_WARN_CONSTANT_CONVERSION = YES;
				CLANG_WARN_DIRECT_OBJC_ISA_USAGE = YES_ERROR;
				CLANG_WARN_EMPTY_BODY = YES;
				CLANG_WARN_ENUM_CONVERSION = YES;
				CLANG_WARN_INT_CONVERSION = YES;
				CLANG_WARN_OBJC_ROOT_CLASS = YES_ERROR;
				CLANG_WARN__DUPLICATE_METHOD_MATCH = YES;
				"CODE_SIGN_IDENTITY[sdk=iphoneos*]" = "iPhone Developer";
				COPY_PHASE_STRIP = NO;
				GCC_C_LANGUAGE_STANDARD = gnu99;
				GCC_DYNAMIC_NO_PIC = NO;
				GCC_OPTIMIZATION_LEVEL = 0;
				GCC_PREPROCESSOR_DEFINITIONS = (
					"DEBUG=1",
					"$(inherited)",
				);
				GCC_SYMBOLS_PRIVATE_EXTERN = NO;
				GCC_WARN_64_TO_32_BIT_CONVERSION = YES;
				GCC_WARN_ABOUT_RETURN_TYPE = YES_ERROR;
				GCC_WARN_UNDECLARED_SELECTOR = YES;
				GCC_WARN_UNINITIALIZED_AUTOS = YES_AGGRESSIVE;
				GCC_WARN_UNUSED_FUNCTION = YES;
				GCC_WARN_UNUSED_VARIABLE = YES;
				IPHONEOS_DEPLOYMENT_TARGET = 7.1;
				ONLY_ACTIVE_ARCH = YES;
				SDKROOT = iphoneos;
				TARGETED_DEVICE_FAMILY = "1,2";
			};
			name = Debug;
		};
		6003F5BE195388D20070C39A /* Release */ = {
			isa = XCBuildConfiguration;
			buildSettings = {
				ALWAYS_SEARCH_USER_PATHS = NO;
				CLANG_CXX_LANGUAGE_STANDARD = "gnu++0x";
				CLANG_CXX_LIBRARY = "libc++";
				CLANG_ENABLE_MODULES = YES;
				CLANG_ENABLE_OBJC_ARC = YES;
				CLANG_WARN_BOOL_CONVERSION = YES;
				CLANG_WARN_CONSTANT_CONVERSION = YES;
				CLANG_WARN_DIRECT_OBJC_ISA_USAGE = YES_ERROR;
				CLANG_WARN_EMPTY_BODY = YES;
				CLANG_WARN_ENUM_CONVERSION = YES;
				CLANG_WARN_INT_CONVERSION = YES;
				CLANG_WARN_OBJC_ROOT_CLASS = YES_ERROR;
				CLANG_WARN__DUPLICATE_METHOD_MATCH = YES;
				"CODE_SIGN_IDENTITY[sdk=iphoneos*]" = "iPhone Developer";
				COPY_PHASE_STRIP = YES;
				ENABLE_NS_ASSERTIONS = NO;
				GCC_C_LANGUAGE_STANDARD = gnu99;
				GCC_WARN_64_TO_32_BIT_CONVERSION = YES;
				GCC_WARN_ABOUT_RETURN_TYPE = YES_ERROR;
				GCC_WARN_UNDECLARED_SELECTOR = YES;
				GCC_WARN_UNINITIALIZED_AUTOS = YES_AGGRESSIVE;
				GCC_WARN_UNUSED_FUNCTION = YES;
				GCC_WARN_UNUSED_VARIABLE = YES;
				IPHONEOS_DEPLOYMENT_TARGET = 7.1;
				SDKROOT = iphoneos;
				TARGETED_DEVICE_FAMILY = "1,2";
				VALIDATE_PRODUCT = YES;
			};
			name = Release;
		};
		6003F5C0195388D20070C39A /* Debug */ = {
			isa = XCBuildConfiguration;
			baseConfigurationReference = FA53FE949886E94A6EC3C58E /* Pods-TARTT_Example.debug.xcconfig */;
			buildSettings = {
				ASSETCATALOG_COMPILER_APPICON_NAME = AppIcon;
				ASSETCATALOG_COMPILER_LAUNCHIMAGE_NAME = LaunchImage;
				CODE_SIGN_IDENTITY = "iPhone Developer";
				"CODE_SIGN_IDENTITY[sdk=iphoneos*]" = "iPhone Developer";
				ENABLE_BITCODE = NO;
				FRAMEWORK_SEARCH_PATHS = (
					"$(inherited)",
					"$(PROJECT_DIR)",
					"$(PROJECT_DIR)/build/Debug-iphoneos",
				);
				GCC_PRECOMPILE_PREFIX_HEADER = YES;
				GCC_PREFIX_HEADER = "TARTT/TARTT-Prefix.pch";
				INFOPLIST_FILE = "TARTT/TARTT-Info.plist";
				IPHONEOS_DEPLOYMENT_TARGET = 7.1;
				LD_RUNPATH_SEARCH_PATHS = "$(inherited) @executable_path/Frameworks";
				LIBRARY_SEARCH_PATHS = (
					"$(inherited)",
					"$(PROJECT_DIR)/TARTT/ZBarSDK",
				);
				MODULE_NAME = ExampleApp;
				OTHER_LDFLAGS = (
					"$(inherited)",
					"-framework",
					"\"AFNetworking\"",
					"-framework",
					"\"TARTT\"",
					"-framework",
					"\"CoreGraphics\"",
					"-framework",
					"\"MobileCoreServices\"",
					"-framework",
					"\"Security\"",
					"-framework",
					"\"SystemConfiguration\"",
					"-framework",
					"\"CoreMedia\"",
					"-ObjC",
					"-l\"sqlite3\"",
				);
				PRODUCT_BUNDLE_IDENTIFIER = com.takondi.tarttdev;
				PRODUCT_NAME = "$(TARGET_NAME)";
				PROVISIONING_PROFILE = "c35a07bc-75eb-48cd-a221-957bad17baae";
				TARGETED_DEVICE_FAMILY = "1,2";
				WRAPPER_EXTENSION = app;
			};
			name = Debug;
		};
		6003F5C1195388D20070C39A /* Release */ = {
			isa = XCBuildConfiguration;
			baseConfigurationReference = 8E8596E3269615FE78066D21 /* Pods-TARTT_Example.release.xcconfig */;
			buildSettings = {
				ASSETCATALOG_COMPILER_APPICON_NAME = AppIcon;
				ASSETCATALOG_COMPILER_LAUNCHIMAGE_NAME = LaunchImage;
				CODE_SIGN_IDENTITY = "iPhone Developer";
				"CODE_SIGN_IDENTITY[sdk=iphoneos*]" = "iPhone Developer";
				ENABLE_BITCODE = NO;
				FRAMEWORK_SEARCH_PATHS = (
					"$(inherited)",
					"$(PROJECT_DIR)",
					"$(PROJECT_DIR)/build/Debug-iphoneos",
				);
				GCC_PRECOMPILE_PREFIX_HEADER = YES;
				GCC_PREFIX_HEADER = "TARTT/TARTT-Prefix.pch";
				INFOPLIST_FILE = "TARTT/TARTT-Info.plist";
				IPHONEOS_DEPLOYMENT_TARGET = 7.1;
				LD_RUNPATH_SEARCH_PATHS = "$(inherited) @executable_path/Frameworks";
				LIBRARY_SEARCH_PATHS = (
					"$(inherited)",
					"$(PROJECT_DIR)/TARTT/ZBarSDK",
				);
				MODULE_NAME = ExampleApp;
				OTHER_LDFLAGS = (
					"$(inherited)",
					"-framework",
					"\"AFNetworking\"",
					"-framework",
					"\"TARTT\"",
					"-framework",
					"\"CoreGraphics\"",
					"-framework",
					"\"MobileCoreServices\"",
					"-framework",
					"\"Security\"",
					"-framework",
					"\"SystemConfiguration\"",
					"-framework",
					"\"CoreMedia\"",
					"-ObjC",
					"-l\"sqlite3\"",
				);
				PRODUCT_BUNDLE_IDENTIFIER = com.takondi.tarttdev;
				PRODUCT_NAME = "$(TARGET_NAME)";
				PROVISIONING_PROFILE = "c35a07bc-75eb-48cd-a221-957bad17baae";
				TARGETED_DEVICE_FAMILY = "1,2";
				WRAPPER_EXTENSION = app;
			};
			name = Release;
		};
		6003F5C3195388D20070C39A /* Debug */ = {
			isa = XCBuildConfiguration;
			baseConfigurationReference = E17BC8CDB52854848E515DCB /* Pods-TARTT_Tests.debug.xcconfig */;
			buildSettings = {
				BUNDLE_LOADER = "$(TEST_HOST)";
				FRAMEWORK_SEARCH_PATHS = (
					"$(SDKROOT)/Developer/Library/Frameworks",
					"$(inherited)",
					"$(DEVELOPER_FRAMEWORKS_DIR)",
				);
				GCC_PRECOMPILE_PREFIX_HEADER = YES;
				GCC_PREFIX_HEADER = "Tests/Tests-Prefix.pch";
				GCC_PREPROCESSOR_DEFINITIONS = (
					"DEBUG=1",
					"$(inherited)",
				);
				INFOPLIST_FILE = "Tests/Tests-Info.plist";
				PRODUCT_NAME = "$(TARGET_NAME)";
				TEST_HOST = "$(BUILT_PRODUCTS_DIR)/TARTT_Example.app/TARTT_Example";
				WRAPPER_EXTENSION = xctest;
			};
			name = Debug;
		};
		6003F5C4195388D20070C39A /* Release */ = {
			isa = XCBuildConfiguration;
			baseConfigurationReference = ACD9F10DD93458F3932FE493 /* Pods-TARTT_Tests.release.xcconfig */;
			buildSettings = {
				BUNDLE_LOADER = "$(TEST_HOST)";
				FRAMEWORK_SEARCH_PATHS = (
					"$(SDKROOT)/Developer/Library/Frameworks",
					"$(inherited)",
					"$(DEVELOPER_FRAMEWORKS_DIR)",
				);
				GCC_PRECOMPILE_PREFIX_HEADER = YES;
				GCC_PREFIX_HEADER = "Tests/Tests-Prefix.pch";
				INFOPLIST_FILE = "Tests/Tests-Info.plist";
				PRODUCT_NAME = "$(TARGET_NAME)";
				TEST_HOST = "$(BUILT_PRODUCTS_DIR)/TARTT_Example.app/TARTT_Example";
				WRAPPER_EXTENSION = xctest;
			};
			name = Release;
		};
/* End XCBuildConfiguration section */

/* Begin XCConfigurationList section */
		6003F585195388D10070C39A /* Build configuration list for PBXProject "TARTT" */ = {
			isa = XCConfigurationList;
			buildConfigurations = (
				6003F5BD195388D20070C39A /* Debug */,
				6003F5BE195388D20070C39A /* Release */,
			);
			defaultConfigurationIsVisible = 0;
			defaultConfigurationName = Release;
		};
		6003F5BF195388D20070C39A /* Build configuration list for PBXNativeTarget "TARTT_Example" */ = {
			isa = XCConfigurationList;
			buildConfigurations = (
				6003F5C0195388D20070C39A /* Debug */,
				6003F5C1195388D20070C39A /* Release */,
			);
			defaultConfigurationIsVisible = 0;
			defaultConfigurationName = Release;
		};
		6003F5C2195388D20070C39A /* Build configuration list for PBXNativeTarget "TARTT_Tests" */ = {
			isa = XCConfigurationList;
			buildConfigurations = (
				6003F5C3195388D20070C39A /* Debug */,
				6003F5C4195388D20070C39A /* Release */,
			);
			defaultConfigurationIsVisible = 0;
			defaultConfigurationName = Release;
		};
/* End XCConfigurationList section */
	};
	rootObject = 6003F582195388D10070C39A /* Project object */;
}
